
Microsoft Visual Studio Solution File, Format Version 12.00
# Visual Studio 15
VisualStudioVersion = 15.0.26730.8
MinimumVisualStudioVersion = 10.0.40219.1
Project("{FAE04EC0-301F-11D3-BF4B-00C04F79EFBC}") = "Broker01", "Broker01\Broker01.csproj", "{81302520-82D9-409B-8012-1BADAA8DF80F}"
EndProject
Global
	GlobalSection(SolutionConfigurationPlatforms) = preSolution
		Debug|Any CPU = Debug|Any CPU
		Release|Any CPU = Release|Any CPU
	EndGlobalSection
	GlobalSection(ProjectConfigurationPlatforms) = postSolution
		{81302520-82D9-409B-8012-1BADAA8DF80F}.Debug|Any CPU.ActiveCfg = Debug|Any CPU
		{81302520-82D9-409B-8012-1BADAA8DF80F}.Debug|Any CPU.Build.0 = Debug|Any CPU
		{81302520-82D9-409B-8012-1BADAA8DF80F}.Release|Any CPU.ActiveCfg = Release|Any CPU
		{81302520-82D9-409B-8012-1BADAA8DF80F}.Release|Any CPU.Build.0 = Release|Any CPU
	EndGlobalSection
	GlobalSection(SolutionProperties) = preSolution
		HideSolutionNode = FALSE
	EndGlobalSection
	GlobalSection(ExtensibilityGlobals) = postSolution
		SolutionGuid = {4C3C4C88-D4A6-465D-B70F-A79AFB25E973}
	EndGlobalSection
EndGlobal
